
Microsoft Visual Studio Solution File, Format Version 12.00
# Visual Studio 15
VisualStudioVersion = 15.0.27130.2010
MinimumVisualStudioVersion = 10.0.40219.1
Project("{FAE04EC0-301F-11D3-BF4B-00C04F79EFBC}") = "Experimental.System.Messaging", "Experimental.System.Messaging\Experimental.System.Messaging.csproj", "{4E15CB46-6B0A-4571-8B4A-DA0BB24F381F}"
EndProject
Project("{FAE04EC0-301F-11D3-BF4B-00C04F79EFBC}") = "Experimental.System.Messaging.Test", "Experimental.System.Messaging.Test\Experimental.System.Messaging.Test.csproj", "{8B86BFC7-FAF7-40C0-9BAD-BEED6424F003}"
EndProject
Global
	GlobalSection(SolutionConfigurationPlatforms) = preSolution
		Debug|Any CPU = Debug|Any CPU
		Release|Any CPU = Release|Any CPU
	EndGlobalSection
	GlobalSection(ProjectConfigurationPlatforms) = postSolution
		{4E15CB46-6B0A-4571-8B4A-DA0BB24F381F}.Debug|Any CPU.ActiveCfg = Debug|Any CPU
		{4E15CB46-6B0A-4571-8B4A-DA0BB24F381F}.Debug|Any CPU.Build.0 = Debug|Any CPU
		{4E15CB46-6B0A-4571-8B4A-DA0BB24F381F}.Release|Any CPU.ActiveCfg = Release|Any CPU
		{4E15CB46-6B0A-4571-8B4A-DA0BB24F381F}.Release|Any CPU.Build.0 = Release|Any CPU
		{8B86BFC7-FAF7-40C0-9BAD-BEED6424F003}.Debug|Any CPU.ActiveCfg = Debug|Any CPU
		{8B86BFC7-FAF7-40C0-9BAD-BEED6424F003}.Debug|Any CPU.Build.0 = Debug|Any CPU
		{8B86BFC7-FAF7-40C0-9BAD-BEED6424F003}.Release|Any CPU.ActiveCfg = Release|Any CPU
		{8B86BFC7-FAF7-40C0-9BAD-BEED6424F003}.Release|Any CPU.Build.0 = Release|Any CPU
	EndGlobalSection
	GlobalSection(SolutionProperties) = preSolution
		HideSolutionNode = FALSE
	EndGlobalSection
	GlobalSection(ExtensibilityGlobals) = postSolution
		SolutionGuid = {E9C5868A-D395-43B0-BE41-7EA51824F324}
	EndGlobalSection
EndGlobal
